// !$*UTF8*$!
{
	archiveVersion = 1;
	classes = {
	};
	objectVersion = 46;
	objects = {

/* Begin PBXBuildFile section */
		AA09105C1801BA1200F9D8B8 /* ShareDay.m in Sources */ = {isa = PBXBuildFile; fileRef = AA09105B1801BA1200F9D8B8 /* ShareDay.m */; };
		AA0910621801BDA100F9D8B8 /* UserStore.m in Sources */ = {isa = PBXBuildFile; fileRef = AA0910611801BDA100F9D8B8 /* UserStore.m */; };
		AA0910681801C5BA00F9D8B8 /* User.m in Sources */ = {isa = PBXBuildFile; fileRef = AA0910671801C5BA00F9D8B8 /* User.m */; };
		AABB2EC018006FD600EEA446 /* DayListViewController.m in Sources */ = {isa = PBXBuildFile; fileRef = AABB2EAE18006FD600EEA446 /* DayListViewController.m */; };
		AABB2EC118006FD600EEA446 /* EditThingViewController.m in Sources */ = {isa = PBXBuildFile; fileRef = AABB2EB018006FD600EEA446 /* EditThingViewController.m */; };
		AABB2EC218006FD600EEA446 /* FriendsDayListViewController.m in Sources */ = {isa = PBXBuildFile; fileRef = AABB2EB218006FD600EEA446 /* FriendsDayListViewController.m */; };
		AABB2EC318006FD600EEA446 /* My3ThingsViewController.m in Sources */ = {isa = PBXBuildFile; fileRef = AABB2EB418006FD600EEA446 /* My3ThingsViewController.m */; };
		AABB2EC418006FD600EEA446 /* SignupCodeViewController.m in Sources */ = {isa = PBXBuildFile; fileRef = AABB2EB618006FD600EEA446 /* SignupCodeViewController.m */; };
		AABB2EC518006FD600EEA446 /* SplashViewController.m in Sources */ = {isa = PBXBuildFile; fileRef = AABB2EB818006FD600EEA446 /* SplashViewController.m */; };
		AABB2EC618006FD600EEA446 /* TTShareDay.m in Sources */ = {isa = PBXBuildFile; fileRef = AABB2EBB18006FD600EEA446 /* TTShareDay.m */; };
		AABB2EC718006FD600EEA446 /* TTSharesAccessor.m in Sources */ = {isa = PBXBuildFile; fileRef = AABB2EBD18006FD600EEA446 /* TTSharesAccessor.m */; };
		AABB2EC818006FD600EEA446 /* TTThing.m in Sources */ = {isa = PBXBuildFile; fileRef = AABB2EBF18006FD600EEA446 /* TTThing.m */; };
		AABB2ECB18007A3500EEA446 /* UserHistoryViewController.m in Sources */ = {isa = PBXBuildFile; fileRef = AABB2ECA18007A3500EEA446 /* UserHistoryViewController.m */; };
		AABB2F111800A43600EEA446 /* CoreData.framework in Frameworks */ = {isa = PBXBuildFile; fileRef = AABB2F101800A43600EEA446 /* CoreData.framework */; };
		AABB2F141800ADA000EEA446 /* 3Things.xcdatamodeld in Sources */ = {isa = PBXBuildFile; fileRef = AABB2F121800ADA000EEA446 /* 3Things.xcdatamodeld */; };
		AABB2F171800ADC100EEA446 /* Thing.m in Sources */ = {isa = PBXBuildFile; fileRef = AABB2F161800ADC100EEA446 /* Thing.m */; };
		AABB2F1D1800B0F600EEA446 /* ShareDayStore.m in Sources */ = {isa = PBXBuildFile; fileRef = AABB2F1C1800B0F600EEA446 /* ShareDayStore.m */; };
		AABB2F201800BB2F00EEA446 /* ThingStore.m in Sources */ = {isa = PBXBuildFile; fileRef = AABB2F1F1800BB2F00EEA446 /* ThingStore.m */; };
		AABB2F231800BB5800EEA446 /* TTDataStore.m in Sources */ = {isa = PBXBuildFile; fileRef = AABB2F221800BB5800EEA446 /* TTDataStore.m */; };
		AAF28C5017DAA90A0067FD79 /* UIKit.framework in Frameworks */ = {isa = PBXBuildFile; fileRef = AAF28C4F17DAA90A0067FD79 /* UIKit.framework */; };
		AAF28C5217DAA90A0067FD79 /* Foundation.framework in Frameworks */ = {isa = PBXBuildFile; fileRef = AAF28C5117DAA90A0067FD79 /* Foundation.framework */; };
		AAF28C5417DAA90A0067FD79 /* CoreGraphics.framework in Frameworks */ = {isa = PBXBuildFile; fileRef = AAF28C5317DAA90A0067FD79 /* CoreGraphics.framework */; };
		AAF28C5A17DAA90A0067FD79 /* InfoPlist.strings in Resources */ = {isa = PBXBuildFile; fileRef = AAF28C5817DAA90A0067FD79 /* InfoPlist.strings */; };
		AAF28C5C17DAA90A0067FD79 /* main.m in Sources */ = {isa = PBXBuildFile; fileRef = AAF28C5B17DAA90A0067FD79 /* main.m */; };
		AAF28C6017DAA90A0067FD79 /* AppDelegate.m in Sources */ = {isa = PBXBuildFile; fileRef = AAF28C5F17DAA90A0067FD79 /* AppDelegate.m */; };
		AAF28C6217DAA90A0067FD79 /* Default.png in Resources */ = {isa = PBXBuildFile; fileRef = AAF28C6117DAA90A0067FD79 /* Default.png */; };
		AAF28C6417DAA90A0067FD79 /* Default@2x.png in Resources */ = {isa = PBXBuildFile; fileRef = AAF28C6317DAA90A0067FD79 /* Default@2x.png */; };
		AAF28C6617DAA90A0067FD79 /* Default-568h@2x.png in Resources */ = {isa = PBXBuildFile; fileRef = AAF28C6517DAA90A0067FD79 /* Default-568h@2x.png */; };
/* End PBXBuildFile section */

/* Begin PBXFileReference section */
		AA09105A1801BA1200F9D8B8 /* ShareDay.h */ = {isa = PBXFileReference; fileEncoding = 4; lastKnownFileType = sourcecode.c.h; path = ShareDay.h; sourceTree = "<group>"; };
		AA09105B1801BA1200F9D8B8 /* ShareDay.m */ = {isa = PBXFileReference; fileEncoding = 4; lastKnownFileType = sourcecode.c.objc; path = ShareDay.m; sourceTree = "<group>"; };
		AA0910601801BDA100F9D8B8 /* UserStore.h */ = {isa = PBXFileReference; fileEncoding = 4; lastKnownFileType = sourcecode.c.h; path = UserStore.h; sourceTree = "<group>"; };
		AA0910611801BDA100F9D8B8 /* UserStore.m */ = {isa = PBXFileReference; fileEncoding = 4; lastKnownFileType = sourcecode.c.objc; path = UserStore.m; sourceTree = "<group>"; };
		AA0910661801C5BA00F9D8B8 /* User.h */ = {isa = PBXFileReference; fileEncoding = 4; lastKnownFileType = sourcecode.c.h; name = User.h; path = ../User.h; sourceTree = "<group>"; };
		AA0910671801C5BA00F9D8B8 /* User.m */ = {isa = PBXFileReference; fileEncoding = 4; lastKnownFileType = sourcecode.c.objc; name = User.m; path = ../User.m; sourceTree = "<group>"; };
		AABB2EAD18006FD600EEA446 /* DayListViewController.h */ = {isa = PBXFileReference; fileEncoding = 4; lastKnownFileType = sourcecode.c.h; path = DayListViewController.h; sourceTree = "<group>"; };
		AABB2EAE18006FD600EEA446 /* DayListViewController.m */ = {isa = PBXFileReference; fileEncoding = 4; lastKnownFileType = sourcecode.c.objc; path = DayListViewController.m; sourceTree = "<group>"; };
		AABB2EAF18006FD600EEA446 /* EditThingViewController.h */ = {isa = PBXFileReference; fileEncoding = 4; lastKnownFileType = sourcecode.c.h; path = EditThingViewController.h; sourceTree = "<group>"; };
		AABB2EB018006FD600EEA446 /* EditThingViewController.m */ = {isa = PBXFileReference; fileEncoding = 4; lastKnownFileType = sourcecode.c.objc; path = EditThingViewController.m; sourceTree = "<group>"; };
		AABB2EB118006FD600EEA446 /* FriendsDayListViewController.h */ = {isa = PBXFileReference; fileEncoding = 4; lastKnownFileType = sourcecode.c.h; path = FriendsDayListViewController.h; sourceTree = "<group>"; };
		AABB2EB218006FD600EEA446 /* FriendsDayListViewController.m */ = {isa = PBXFileReference; fileEncoding = 4; lastKnownFileType = sourcecode.c.objc; path = FriendsDayListViewController.m; sourceTree = "<group>"; };
		AABB2EB318006FD600EEA446 /* My3ThingsViewController.h */ = {isa = PBXFileReference; fileEncoding = 4; lastKnownFileType = sourcecode.c.h; path = My3ThingsViewController.h; sourceTree = "<group>"; };
		AABB2EB418006FD600EEA446 /* My3ThingsViewController.m */ = {isa = PBXFileReference; fileEncoding = 4; lastKnownFileType = sourcecode.c.objc; path = My3ThingsViewController.m; sourceTree = "<group>"; };
		AABB2EB518006FD600EEA446 /* SignupCodeViewController.h */ = {isa = PBXFileReference; fileEncoding = 4; lastKnownFileType = sourcecode.c.h; path = SignupCodeViewController.h; sourceTree = "<group>"; };
		AABB2EB618006FD600EEA446 /* SignupCodeViewController.m */ = {isa = PBXFileReference; fileEncoding = 4; lastKnownFileType = sourcecode.c.objc; path = SignupCodeViewController.m; sourceTree = "<group>"; };
		AABB2EB718006FD600EEA446 /* SplashViewController.h */ = {isa = PBXFileReference; fileEncoding = 4; lastKnownFileType = sourcecode.c.h; path = SplashViewController.h; sourceTree = "<group>"; };
		AABB2EB818006FD600EEA446 /* SplashViewController.m */ = {isa = PBXFileReference; fileEncoding = 4; lastKnownFileType = sourcecode.c.objc; path = SplashViewController.m; sourceTree = "<group>"; };
		AABB2EBA18006FD600EEA446 /* TTShareDay.h */ = {isa = PBXFileReference; fileEncoding = 4; lastKnownFileType = sourcecode.c.h; path = TTShareDay.h; sourceTree = "<group>"; };
		AABB2EBB18006FD600EEA446 /* TTShareDay.m */ = {isa = PBXFileReference; fileEncoding = 4; lastKnownFileType = sourcecode.c.objc; path = TTShareDay.m; sourceTree = "<group>"; };
		AABB2EBC18006FD600EEA446 /* TTSharesAccessor.h */ = {isa = PBXFileReference; fileEncoding = 4; lastKnownFileType = sourcecode.c.h; path = TTSharesAccessor.h; sourceTree = "<group>"; };
		AABB2EBD18006FD600EEA446 /* TTSharesAccessor.m */ = {isa = PBXFileReference; fileEncoding = 4; lastKnownFileType = sourcecode.c.objc; path = TTSharesAccessor.m; sourceTree = "<group>"; };
		AABB2EBE18006FD600EEA446 /* TTThing.h */ = {isa = PBXFileReference; fileEncoding = 4; lastKnownFileType = sourcecode.c.h; path = TTThing.h; sourceTree = "<group>"; };
		AABB2EBF18006FD600EEA446 /* TTThing.m */ = {isa = PBXFileReference; fileEncoding = 4; lastKnownFileType = sourcecode.c.objc; path = TTThing.m; sourceTree = "<group>"; };
		AABB2EC918007A3500EEA446 /* UserHistoryViewController.h */ = {isa = PBXFileReference; fileEncoding = 4; lastKnownFileType = sourcecode.c.h; path = UserHistoryViewController.h; sourceTree = "<group>"; };
		AABB2ECA18007A3500EEA446 /* UserHistoryViewController.m */ = {isa = PBXFileReference; fileEncoding = 4; lastKnownFileType = sourcecode.c.objc; path = UserHistoryViewController.m; sourceTree = "<group>"; };
		AABB2F101800A43600EEA446 /* CoreData.framework */ = {isa = PBXFileReference; lastKnownFileType = wrapper.framework; name = CoreData.framework; path = System/Library/Frameworks/CoreData.framework; sourceTree = SDKROOT; };
		AABB2F131800ADA000EEA446 /* 3Things.xcdatamodel */ = {isa = PBXFileReference; lastKnownFileType = wrapper.xcdatamodel; path = 3Things.xcdatamodel; sourceTree = "<group>"; };
		AABB2F151800ADC100EEA446 /* Thing.h */ = {isa = PBXFileReference; fileEncoding = 4; lastKnownFileType = sourcecode.c.h; name = Thing.h; path = ../Thing.h; sourceTree = "<group>"; };
		AABB2F161800ADC100EEA446 /* Thing.m */ = {isa = PBXFileReference; fileEncoding = 4; lastKnownFileType = sourcecode.c.objc; name = Thing.m; path = ../Thing.m; sourceTree = "<group>"; };
		AABB2F1B1800B0F600EEA446 /* ShareDayStore.h */ = {isa = PBXFileReference; fileEncoding = 4; lastKnownFileType = sourcecode.c.h; path = ShareDayStore.h; sourceTree = "<group>"; };
		AABB2F1C1800B0F600EEA446 /* ShareDayStore.m */ = {isa = PBXFileReference; fileEncoding = 4; lastKnownFileType = sourcecode.c.objc; path = ShareDayStore.m; sourceTree = "<group>"; };
		AABB2F1E1800BB2F00EEA446 /* ThingStore.h */ = {isa = PBXFileReference; fileEncoding = 4; lastKnownFileType = sourcecode.c.h; name = ThingStore.h; path = ../ThingStore.h; sourceTree = "<group>"; };
		AABB2F1F1800BB2F00EEA446 /* ThingStore.m */ = {isa = PBXFileReference; fileEncoding = 4; lastKnownFileType = sourcecode.c.objc; name = ThingStore.m; path = ../ThingStore.m; sourceTree = "<group>"; };
		AABB2F211800BB5800EEA446 /* TTDataStore.h */ = {isa = PBXFileReference; fileEncoding = 4; lastKnownFileType = sourcecode.c.h; name = TTDataStore.h; path = ../TTDataStore.h; sourceTree = "<group>"; };
		AABB2F221800BB5800EEA446 /* TTDataStore.m */ = {isa = PBXFileReference; fileEncoding = 4; lastKnownFileType = sourcecode.c.objc; name = TTDataStore.m; path = ../TTDataStore.m; sourceTree = "<group>"; };
		AAF28C4C17DAA90A0067FD79 /* 3Things.app */ = {isa = PBXFileReference; explicitFileType = wrapper.application; includeInIndex = 0; path = 3Things.app; sourceTree = BUILT_PRODUCTS_DIR; };
		AAF28C4F17DAA90A0067FD79 /* UIKit.framework */ = {isa = PBXFileReference; lastKnownFileType = wrapper.framework; name = UIKit.framework; path = System/Library/Frameworks/UIKit.framework; sourceTree = SDKROOT; };
		AAF28C5117DAA90A0067FD79 /* Foundation.framework */ = {isa = PBXFileReference; lastKnownFileType = wrapper.framework; name = Foundation.framework; path = System/Library/Frameworks/Foundation.framework; sourceTree = SDKROOT; };
		AAF28C5317DAA90A0067FD79 /* CoreGraphics.framework */ = {isa = PBXFileReference; lastKnownFileType = wrapper.framework; name = CoreGraphics.framework; path = System/Library/Frameworks/CoreGraphics.framework; sourceTree = SDKROOT; };
		AAF28C5717DAA90A0067FD79 /* 3Things-Info.plist */ = {isa = PBXFileReference; lastKnownFileType = text.plist.xml; path = "3Things-Info.plist"; sourceTree = "<group>"; };
		AAF28C5917DAA90A0067FD79 /* en */ = {isa = PBXFileReference; lastKnownFileType = text.plist.strings; name = en; path = en.lproj/InfoPlist.strings; sourceTree = "<group>"; };
		AAF28C5B17DAA90A0067FD79 /* main.m */ = {isa = PBXFileReference; lastKnownFileType = sourcecode.c.objc; path = main.m; sourceTree = "<group>"; };
		AAF28C5D17DAA90A0067FD79 /* 3Things-Prefix.pch */ = {isa = PBXFileReference; lastKnownFileType = sourcecode.c.h; path = "3Things-Prefix.pch"; sourceTree = "<group>"; };
		AAF28C5E17DAA90A0067FD79 /* AppDelegate.h */ = {isa = PBXFileReference; lastKnownFileType = sourcecode.c.h; path = AppDelegate.h; sourceTree = "<group>"; };
		AAF28C5F17DAA90A0067FD79 /* AppDelegate.m */ = {isa = PBXFileReference; lastKnownFileType = sourcecode.c.objc; path = AppDelegate.m; sourceTree = "<group>"; };
		AAF28C6117DAA90A0067FD79 /* Default.png */ = {isa = PBXFileReference; lastKnownFileType = image.png; path = Default.png; sourceTree = "<group>"; };
		AAF28C6317DAA90A0067FD79 /* Default@2x.png */ = {isa = PBXFileReference; lastKnownFileType = image.png; path = "Default@2x.png"; sourceTree = "<group>"; };
		AAF28C6517DAA90A0067FD79 /* Default-568h@2x.png */ = {isa = PBXFileReference; lastKnownFileType = image.png; path = "Default-568h@2x.png"; sourceTree = "<group>"; };
/* End PBXFileReference section */

/* Begin PBXFrameworksBuildPhase section */
		AAF28C4917DAA90A0067FD79 /* Frameworks */ = {
			isa = PBXFrameworksBuildPhase;
			buildActionMask = 2147483647;
			files = (
				AABB2F111800A43600EEA446 /* CoreData.framework in Frameworks */,
				AAF28C5017DAA90A0067FD79 /* UIKit.framework in Frameworks */,
				AAF28C5217DAA90A0067FD79 /* Foundation.framework in Frameworks */,
				AAF28C5417DAA90A0067FD79 /* CoreGraphics.framework in Frameworks */,
			);
			runOnlyForDeploymentPostprocessing = 0;
		};
/* End PBXFrameworksBuildPhase section */

/* Begin PBXGroup section */
		AABB2EAC18006FD600EEA446 /* views */ = {
			isa = PBXGroup;
			children = (
				AABB2EAD18006FD600EEA446 /* DayListViewController.h */,
				AABB2EAE18006FD600EEA446 /* DayListViewController.m */,
				AABB2EC918007A3500EEA446 /* UserHistoryViewController.h */,
				AABB2ECA18007A3500EEA446 /* UserHistoryViewController.m */,
				AABB2EAF18006FD600EEA446 /* EditThingViewController.h */,
				AABB2EB018006FD600EEA446 /* EditThingViewController.m */,
				AABB2EB118006FD600EEA446 /* FriendsDayListViewController.h */,
				AABB2EB218006FD600EEA446 /* FriendsDayListViewController.m */,
				AABB2EB318006FD600EEA446 /* My3ThingsViewController.h */,
				AABB2EB418006FD600EEA446 /* My3ThingsViewController.m */,
				AABB2EB518006FD600EEA446 /* SignupCodeViewController.h */,
				AABB2EB618006FD600EEA446 /* SignupCodeViewController.m */,
				AABB2EB718006FD600EEA446 /* SplashViewController.h */,
				AABB2EB818006FD600EEA446 /* SplashViewController.m */,
			);
			path = views;
			sourceTree = "<group>";
		};
		AABB2EB918006FD600EEA446 /* objects */ = {
			isa = PBXGroup;
			children = (
				AA0910661801C5BA00F9D8B8 /* User.h */,
				AA0910671801C5BA00F9D8B8 /* User.m */,
				AA09105A1801BA1200F9D8B8 /* ShareDay.h */,
				AA09105B1801BA1200F9D8B8 /* ShareDay.m */,
				AABB2F151800ADC100EEA446 /* Thing.h */,
				AABB2F161800ADC100EEA446 /* Thing.m */,
				AABB2F1B1800B0F600EEA446 /* ShareDayStore.h */,
				AABB2F1C1800B0F600EEA446 /* ShareDayStore.m */,
				AA0910601801BDA100F9D8B8 /* UserStore.h */,
				AA0910611801BDA100F9D8B8 /* UserStore.m */,
				AABB2F1E1800BB2F00EEA446 /* ThingStore.h */,
				AABB2F1F1800BB2F00EEA446 /* ThingStore.m */,
				AABB2F211800BB5800EEA446 /* TTDataStore.h */,
				AABB2F221800BB5800EEA446 /* TTDataStore.m */,
				AABB2EBA18006FD600EEA446 /* TTShareDay.h */,
				AABB2EBB18006FD600EEA446 /* TTShareDay.m */,
				AABB2EBC18006FD600EEA446 /* TTSharesAccessor.h */,
				AABB2EBD18006FD600EEA446 /* TTSharesAccessor.m */,
				AABB2EBE18006FD600EEA446 /* TTThing.h */,
				AABB2EBF18006FD600EEA446 /* TTThing.m */,
			);
			path = objects;
			sourceTree = "<group>";
		};
		AAF28C4317DAA90A0067FD79 = {
			isa = PBXGroup;
			children = (
				AAF28C5517DAA90A0067FD79 /* 3Things */,
				AAF28C4E17DAA90A0067FD79 /* Frameworks */,
				AAF28C4D17DAA90A0067FD79 /* Products */,
			);
			sourceTree = "<group>";
		};
		AAF28C4D17DAA90A0067FD79 /* Products */ = {
			isa = PBXGroup;
			children = (
				AAF28C4C17DAA90A0067FD79 /* 3Things.app */,
			);
			name = Products;
			sourceTree = "<group>";
		};
		AAF28C4E17DAA90A0067FD79 /* Frameworks */ = {
			isa = PBXGroup;
			children = (
				AABB2F101800A43600EEA446 /* CoreData.framework */,
				AAF28C4F17DAA90A0067FD79 /* UIKit.framework */,
				AAF28C5117DAA90A0067FD79 /* Foundation.framework */,
				AAF28C5317DAA90A0067FD79 /* CoreGraphics.framework */,
			);
			name = Frameworks;
			sourceTree = "<group>";
		};
		AAF28C5517DAA90A0067FD79 /* 3Things */ = {
			isa = PBXGroup;
			children = (
				AABB2F121800ADA000EEA446 /* 3Things.xcdatamodeld */,
				AABB2EAC18006FD600EEA446 /* views */,
				AABB2EB918006FD600EEA446 /* objects */,
				AAF28C5E17DAA90A0067FD79 /* AppDelegate.h */,
				AAF28C5F17DAA90A0067FD79 /* AppDelegate.m */,
				AAF28C5617DAA90A0067FD79 /* Supporting Files */,
			);
			path = 3Things;
			sourceTree = "<group>";
		};
		AAF28C5617DAA90A0067FD79 /* Supporting Files */ = {
			isa = PBXGroup;
			children = (
				AAF28C5717DAA90A0067FD79 /* 3Things-Info.plist */,
				AAF28C5817DAA90A0067FD79 /* InfoPlist.strings */,
				AAF28C5B17DAA90A0067FD79 /* main.m */,
				AAF28C5D17DAA90A0067FD79 /* 3Things-Prefix.pch */,
				AAF28C6117DAA90A0067FD79 /* Default.png */,
				AAF28C6317DAA90A0067FD79 /* Default@2x.png */,
				AAF28C6517DAA90A0067FD79 /* Default-568h@2x.png */,
			);
			name = "Supporting Files";
			sourceTree = "<group>";
		};
/* End PBXGroup section */

/* Begin PBXNativeTarget section */
		AAF28C4B17DAA90A0067FD79 /* 3Things */ = {
			isa = PBXNativeTarget;
			buildConfigurationList = AAF28C6917DAA90A0067FD79 /* Build configuration list for PBXNativeTarget "3Things" */;
			buildPhases = (
				AAF28C4817DAA90A0067FD79 /* Sources */,
				AAF28C4917DAA90A0067FD79 /* Frameworks */,
				AAF28C4A17DAA90A0067FD79 /* Resources */,
			);
			buildRules = (
			);
			dependencies = (
			);
			name = 3Things;
			productName = 3Things;
			productReference = AAF28C4C17DAA90A0067FD79 /* 3Things.app */;
			productType = "com.apple.product-type.application";
		};
/* End PBXNativeTarget section */

/* Begin PBXProject section */
		AAF28C4417DAA90A0067FD79 /* Project object */ = {
			isa = PBXProject;
			attributes = {
				LastUpgradeCheck = 0460;
				ORGANIZATIONNAME = "Emmett Butler";
			};
			buildConfigurationList = AAF28C4717DAA90A0067FD79 /* Build configuration list for PBXProject "3Things" */;
			compatibilityVersion = "Xcode 3.2";
			developmentRegion = English;
			hasScannedForEncodings = 0;
			knownRegions = (
				en,
			);
			mainGroup = AAF28C4317DAA90A0067FD79;
			productRefGroup = AAF28C4D17DAA90A0067FD79 /* Products */;
			projectDirPath = "";
			projectRoot = "";
			targets = (
				AAF28C4B17DAA90A0067FD79 /* 3Things */,
			);
		};
/* End PBXProject section */

/* Begin PBXResourcesBuildPhase section */
		AAF28C4A17DAA90A0067FD79 /* Resources */ = {
			isa = PBXResourcesBuildPhase;
			buildActionMask = 2147483647;
			files = (
				AAF28C5A17DAA90A0067FD79 /* InfoPlist.strings in Resources */,
				AAF28C6217DAA90A0067FD79 /* Default.png in Resources */,
				AAF28C6417DAA90A0067FD79 /* Default@2x.png in Resources */,
				AAF28C6617DAA90A0067FD79 /* Default-568h@2x.png in Resources */,
			);
			runOnlyForDeploymentPostprocessing = 0;
		};
/* End PBXResourcesBuildPhase section */

/* Begin PBXSourcesBuildPhase section */
		AAF28C4817DAA90A0067FD79 /* Sources */ = {
			isa = PBXSourcesBuildPhase;
			buildActionMask = 2147483647;
			files = (
				AABB2EC718006FD600EEA446 /* TTSharesAccessor.m in Sources */,
				AAF28C5C17DAA90A0067FD79 /* main.m in Sources */,
				AABB2ECB18007A3500EEA446 /* UserHistoryViewController.m in Sources */,
				AAF28C6017DAA90A0067FD79 /* AppDelegate.m in Sources */,
				AABB2EC818006FD600EEA446 /* TTThing.m in Sources */,
				AABB2EC018006FD600EEA446 /* DayListViewController.m in Sources */,
				AABB2EC518006FD600EEA446 /* SplashViewController.m in Sources */,
				AABB2F1D1800B0F600EEA446 /* ShareDayStore.m in Sources */,
				AA0910681801C5BA00F9D8B8 /* User.m in Sources */,
				AABB2EC218006FD600EEA446 /* FriendsDayListViewController.m in Sources */,
				AABB2EC418006FD600EEA446 /* SignupCodeViewController.m in Sources */,
				AA0910621801BDA100F9D8B8 /* UserStore.m in Sources */,
				AABB2F141800ADA000EEA446 /* 3Things.xcdatamodeld in Sources */,
				AABB2F171800ADC100EEA446 /* Thing.m in Sources */,
				AABB2F201800BB2F00EEA446 /* ThingStore.m in Sources */,
				AA09105C1801BA1200F9D8B8 /* ShareDay.m in Sources */,
				AABB2EC118006FD600EEA446 /* EditThingViewController.m in Sources */,
				AABB2F231800BB5800EEA446 /* TTDataStore.m in Sources */,
				AABB2EC618006FD600EEA446 /* TTShareDay.m in Sources */,
				AABB2EC318006FD600EEA446 /* My3ThingsViewController.m in Sources */,
			);
			runOnlyForDeploymentPostprocessing = 0;
		};
/* End PBXSourcesBuildPhase section */

/* Begin PBXVariantGroup section */
		AAF28C5817DAA90A0067FD79 /* InfoPlist.strings */ = {
			isa = PBXVariantGroup;
			children = (
				AAF28C5917DAA90A0067FD79 /* en */,
			);
			name = InfoPlist.strings;
			sourceTree = "<group>";
		};
/* End PBXVariantGroup section */

/* Begin XCBuildConfiguration section */
		AAF28C6717DAA90A0067FD79 /* Debug */ = {
			isa = XCBuildConfiguration;
			buildSettings = {
				ALWAYS_SEARCH_USER_PATHS = NO;
				CLANG_CXX_LANGUAGE_STANDARD = "gnu++0x";
				CLANG_CXX_LIBRARY = "libc++";
				CLANG_ENABLE_OBJC_ARC = YES;
				CLANG_WARN_CONSTANT_CONVERSION = YES;
				CLANG_WARN_EMPTY_BODY = YES;
				CLANG_WARN_ENUM_CONVERSION = YES;
				CLANG_WARN_INT_CONVERSION = YES;
				CLANG_WARN__DUPLICATE_METHOD_MATCH = YES;
				"CODE_SIGN_IDENTITY[sdk=iphoneos*]" = "iPhone Developer";
				COPY_PHASE_STRIP = NO;
				GCC_C_LANGUAGE_STANDARD = gnu99;
				GCC_DYNAMIC_NO_PIC = NO;
				GCC_OPTIMIZATION_LEVEL = 0;
				GCC_PREPROCESSOR_DEFINITIONS = (
					"DEBUG=1",
					"$(inherited)",
				);
				GCC_SYMBOLS_PRIVATE_EXTERN = NO;
				GCC_WARN_ABOUT_RETURN_TYPE = YES;
				GCC_WARN_UNINITIALIZED_AUTOS = YES;
				GCC_WARN_UNUSED_VARIABLE = YES;
				IPHONEOS_DEPLOYMENT_TARGET = 6.1;
				ONLY_ACTIVE_ARCH = YES;
				SDKROOT = iphoneos;
			};
			name = Debug;
		};
		AAF28C6817DAA90A0067FD79 /* Release */ = {
			isa = XCBuildConfiguration;
			buildSettings = {
				ALWAYS_SEARCH_USER_PATHS = NO;
				CLANG_CXX_LANGUAGE_STANDARD = "gnu++0x";
				CLANG_CXX_LIBRARY = "libc++";
				CLANG_ENABLE_OBJC_ARC = YES;
				CLANG_WARN_CONSTANT_CONVERSION = YES;
				CLANG_WARN_EMPTY_BODY = YES;
				CLANG_WARN_ENUM_CONVERSION = YES;
				CLANG_WARN_INT_CONVERSION = YES;
				CLANG_WARN__DUPLICATE_METHOD_MATCH = YES;
				"CODE_SIGN_IDENTITY[sdk=iphoneos*]" = "iPhone Developer";
				COPY_PHASE_STRIP = YES;
				GCC_C_LANGUAGE_STANDARD = gnu99;
				GCC_WARN_ABOUT_RETURN_TYPE = YES;
				GCC_WARN_UNINITIALIZED_AUTOS = YES;
				GCC_WARN_UNUSED_VARIABLE = YES;
				IPHONEOS_DEPLOYMENT_TARGET = 6.1;
				OTHER_CFLAGS = "-DNS_BLOCK_ASSERTIONS=1";
				SDKROOT = iphoneos;
				VALIDATE_PRODUCT = YES;
			};
			name = Release;
		};
		AAF28C6A17DAA90A0067FD79 /* Debug */ = {
			isa = XCBuildConfiguration;
			buildSettings = {
				GCC_PRECOMPILE_PREFIX_HEADER = YES;
				GCC_PREFIX_HEADER = "3Things/3Things-Prefix.pch";
				INFOPLIST_FILE = "3Things/3Things-Info.plist";
				PRODUCT_NAME = "$(TARGET_NAME)";
				WRAPPER_EXTENSION = app;
			};
			name = Debug;
		};
		AAF28C6B17DAA90A0067FD79 /* Release */ = {
			isa = XCBuildConfiguration;
			buildSettings = {
				GCC_PRECOMPILE_PREFIX_HEADER = YES;
				GCC_PREFIX_HEADER = "3Things/3Things-Prefix.pch";
				INFOPLIST_FILE = "3Things/3Things-Info.plist";
				PRODUCT_NAME = "$(TARGET_NAME)";
				WRAPPER_EXTENSION = app;
			};
			name = Release;
		};
/* End XCBuildConfiguration section */

/* Begin XCConfigurationList section */
		AAF28C4717DAA90A0067FD79 /* Build configuration list for PBXProject "3Things" */ = {
			isa = XCConfigurationList;
			buildConfigurations = (
				AAF28C6717DAA90A0067FD79 /* Debug */,
				AAF28C6817DAA90A0067FD79 /* Release */,
			);
			defaultConfigurationIsVisible = 0;
			defaultConfigurationName = Release;
		};
		AAF28C6917DAA90A0067FD79 /* Build configuration list for PBXNativeTarget "3Things" */ = {
			isa = XCConfigurationList;
			buildConfigurations = (
				AAF28C6A17DAA90A0067FD79 /* Debug */,
				AAF28C6B17DAA90A0067FD79 /* Release */,
			);
			defaultConfigurationIsVisible = 0;
			defaultConfigurationName = Release;
		};
/* End XCConfigurationList section */

/* Begin XCVersionGroup section */
		AABB2F121800ADA000EEA446 /* 3Things.xcdatamodeld */ = {
			isa = XCVersionGroup;
			children = (
				AABB2F131800ADA000EEA446 /* 3Things.xcdatamodel */,
			);
			currentVersion = AABB2F131800ADA000EEA446 /* 3Things.xcdatamodel */;
			path = 3Things.xcdatamodeld;
			sourceTree = "<group>";
			versionGroupType = wrapper.xcdatamodel;
		};
/* End XCVersionGroup section */
	};
	rootObject = AAF28C4417DAA90A0067FD79 /* Project object */;
}
