// !$*UTF8*$!
{
	archiveVersion = 1;
	classes = {
	};
	objectVersion = 46;
	objects = {

/* Begin PBXBuildFile section */
		AA083D9C183AD4E0005D5B24 /* TTDate.m in Sources */ = {isa = PBXBuildFile; fileRef = AA083D9B183AD4E0005D5B24 /* TTDate.m */; };
		AA0910621801BDA100F9D8B8 /* UserStore.m in Sources */ = {isa = PBXBuildFile; fileRef = AA0910611801BDA100F9D8B8 /* UserStore.m */; };
		AA09109D1801CB9300F9D8B8 /* ImageIO.framework in Frameworks */ = {isa = PBXBuildFile; fileRef = AA09109C1801CB9300F9D8B8 /* ImageIO.framework */; };
		AA09109F1801CC2D00F9D8B8 /* placeholder.png in Resources */ = {isa = PBXBuildFile; fileRef = AA09109E1801CC2D00F9D8B8 /* placeholder.png */; };
		AA0910A21801D2C700F9D8B8 /* PhotoPromptViewController.m in Sources */ = {isa = PBXBuildFile; fileRef = AA0910A11801D2C700F9D8B8 /* PhotoPromptViewController.m */; };
		AA0910AC1801EC2500F9D8B8 /* TTDataStore.m in Sources */ = {isa = PBXBuildFile; fileRef = AA0910A51801EC2500F9D8B8 /* TTDataStore.m */; };
		AA0910AD1801EC2500F9D8B8 /* ThingStore.m in Sources */ = {isa = PBXBuildFile; fileRef = AA0910A71801EC2500F9D8B8 /* ThingStore.m */; };
		AA0910B21801EEFB00F9D8B8 /* AssetsLibrary.framework in Frameworks */ = {isa = PBXBuildFile; fileRef = AA0910B11801EEFB00F9D8B8 /* AssetsLibrary.framework */; };
		AA1A9283185685CB0066F159 /* User.m in Sources */ = {isa = PBXBuildFile; fileRef = AA1A9282185685CB0066F159 /* User.m */; };
		AA1E52DD182AE669000EBBBA /* Thing.m in Sources */ = {isa = PBXBuildFile; fileRef = AA1E52DC182AE669000EBBBA /* Thing.m */; };
		AA230A021809BA620025BCF5 /* ErrorPromptViewController.m in Sources */ = {isa = PBXBuildFile; fileRef = AA230A001809BA620025BCF5 /* ErrorPromptViewController.m */; };
		AA230A051809BB0D0025BCF5 /* ErrorThrowingViewController.m in Sources */ = {isa = PBXBuildFile; fileRef = AA230A041809BB0D0025BCF5 /* ErrorThrowingViewController.m */; };
		AA2FFBD21833B26200B9865A /* FriendSearchViewController.m in Sources */ = {isa = PBXBuildFile; fileRef = AA2FFBD11833B26200B9865A /* FriendSearchViewController.m */; };
		AA33AFD2183EC3490004DF3D /* ShareDay.m in Sources */ = {isa = PBXBuildFile; fileRef = AA33AFD1183EC3490004DF3D /* ShareDay.m */; };
		AA42DB7318855D3200EA244C /* TTTableView.m in Sources */ = {isa = PBXBuildFile; fileRef = AA42DB7218855D3200EA244C /* TTTableView.m */; };
		AA42DB7618855E9D00EA244C /* TTCollectionView.m in Sources */ = {isa = PBXBuildFile; fileRef = AA42DB7518855E9D00EA244C /* TTCollectionView.m */; };
		AA4E13671803579B00D65980 /* BottomNavViewController.m in Sources */ = {isa = PBXBuildFile; fileRef = AA4E13661803579B00D65980 /* BottomNavViewController.m */; };
		AA5D259E187CA153009A0FF5 /* 3T_Search Arrow.png in Resources */ = {isa = PBXBuildFile; fileRef = AA5D259D187CA153009A0FF5 /* 3T_Search Arrow.png */; };
		AA79308E183C043E006B4213 /* Compose_Icon.png in Resources */ = {isa = PBXBuildFile; fileRef = AA79308C183C043E006B4213 /* Compose_Icon.png */; };
		AA79308F183C043E006B4213 /* Compose_Icon_depressed.png in Resources */ = {isa = PBXBuildFile; fileRef = AA79308D183C043E006B4213 /* Compose_Icon_depressed.png */; };
		AA793098183C05E6006B4213 /* Three_Things_logo.png in Resources */ = {isa = PBXBuildFile; fileRef = AA793090183C05E6006B4213 /* Three_Things_logo.png */; };
		AA793099183C05E6006B4213 /* Friends_bottom_Menu.png in Resources */ = {isa = PBXBuildFile; fileRef = AA793091183C05E6006B4213 /* Friends_bottom_Menu.png */; };
		AA79309A183C05E6006B4213 /* Friends_bottom_Menu_depressed.png in Resources */ = {isa = PBXBuildFile; fileRef = AA793092183C05E6006B4213 /* Friends_bottom_Menu_depressed.png */; };
		AA79309B183C05E6006B4213 /* Flag_3.png in Resources */ = {isa = PBXBuildFile; fileRef = AA793093183C05E6006B4213 /* Flag_3.png */; };
		AA79309C183C05E6006B4213 /* Flag_2.png in Resources */ = {isa = PBXBuildFile; fileRef = AA793094183C05E6006B4213 /* Flag_2.png */; };
		AA79309D183C05E6006B4213 /* Flag_1.png in Resources */ = {isa = PBXBuildFile; fileRef = AA793095183C05E6006B4213 /* Flag_1.png */; };
		AA79309E183C05E6006B4213 /* Close.png in Resources */ = {isa = PBXBuildFile; fileRef = AA793096183C05E6006B4213 /* Close.png */; };
		AA79309F183C05E6006B4213 /* Camera.png in Resources */ = {isa = PBXBuildFile; fileRef = AA793097183C05E6006B4213 /* Camera.png */; };
		AA7930A2183C07B0006B4213 /* TTButton.m in Sources */ = {isa = PBXBuildFile; fileRef = AA7930A1183C07B0006B4213 /* TTButton.m */; };
		AA7930A5183C55AC006B4213 /* TTView.m in Sources */ = {isa = PBXBuildFile; fileRef = AA7930A4183C55AC006B4213 /* TTView.m */; };
		AA7C37A918988526004A283D /* FacebookSDK.framework in Frameworks */ = {isa = PBXBuildFile; fileRef = AA7C37A818988526004A283D /* FacebookSDK.framework */; };
		AA7C37AD18988598004A283D /* Cal_Icon_depressed.png in Resources */ = {isa = PBXBuildFile; fileRef = AA7C37AA18988598004A283D /* Cal_Icon_depressed.png */; };
		AA7C37AE18988598004A283D /* Cal_Icon.png in Resources */ = {isa = PBXBuildFile; fileRef = AA7C37AB18988598004A283D /* Cal_Icon.png */; };
		AA7C37AF18988598004A283D /* Facebook_logo_white.png in Resources */ = {isa = PBXBuildFile; fileRef = AA7C37AC18988598004A283D /* Facebook_logo_white.png */; };
		AA7E5503183188F500D7DE8C /* SingleDayViewController.m in Sources */ = {isa = PBXBuildFile; fileRef = AA7E5502183188F500D7DE8C /* SingleDayViewController.m */; };
		AA98E1C4182851E80045F827 /* TTNetManager.m in Sources */ = {isa = PBXBuildFile; fileRef = AA98E1C3182851E80045F827 /* TTNetManager.m */; };
		AA9A8535180331D00071FD38 /* ThingDetailViewController.m in Sources */ = {isa = PBXBuildFile; fileRef = AA9A8534180331D00071FD38 /* ThingDetailViewController.m */; };
		AAB0A178183A997A006A8B29 /* BackgroundLayer.m in Sources */ = {isa = PBXBuildFile; fileRef = AAB0A177183A997A006A8B29 /* BackgroundLayer.m */; };
		AAB0A17A183A9BF4006A8B29 /* QuartzCore.framework in Frameworks */ = {isa = PBXBuildFile; fileRef = AAB0A179183A9BF4006A8B29 /* QuartzCore.framework */; };
		AABAA1F018144437004547EE /* SDWebImage.framework in Frameworks */ = {isa = PBXBuildFile; fileRef = AABAA1EF18144437004547EE /* SDWebImage.framework */; };
		AABB2EC018006FD600EEA446 /* FriendFeedViewController.m in Sources */ = {isa = PBXBuildFile; fileRef = AABB2EAE18006FD600EEA446 /* FriendFeedViewController.m */; };
		AABB2EC118006FD600EEA446 /* EditThingViewController.m in Sources */ = {isa = PBXBuildFile; fileRef = AABB2EB018006FD600EEA446 /* EditThingViewController.m */; };
		AABB2EC318006FD600EEA446 /* My3ThingsViewController.m in Sources */ = {isa = PBXBuildFile; fileRef = AABB2EB418006FD600EEA446 /* My3ThingsViewController.m */; };
		AABB2EC418006FD600EEA446 /* SignupCodeViewController.m in Sources */ = {isa = PBXBuildFile; fileRef = AABB2EB618006FD600EEA446 /* SignupCodeViewController.m */; };
		AABB2EC518006FD600EEA446 /* SplashViewController.m in Sources */ = {isa = PBXBuildFile; fileRef = AABB2EB818006FD600EEA446 /* SplashViewController.m */; };
		AABB2EC618006FD600EEA446 /* TTShareDay.m in Sources */ = {isa = PBXBuildFile; fileRef = AABB2EBB18006FD600EEA446 /* TTShareDay.m */; };
		AABB2ECB18007A3500EEA446 /* UserHistoryViewController.m in Sources */ = {isa = PBXBuildFile; fileRef = AABB2ECA18007A3500EEA446 /* UserHistoryViewController.m */; };
		AABB2F111800A43600EEA446 /* CoreData.framework in Frameworks */ = {isa = PBXBuildFile; fileRef = AABB2F101800A43600EEA446 /* CoreData.framework */; };
		AABB2F141800ADA000EEA446 /* 3Things.xcdatamodeld in Sources */ = {isa = PBXBuildFile; fileRef = AABB2F121800ADA000EEA446 /* 3Things.xcdatamodeld */; };
		AABB2F1D1800B0F600EEA446 /* ShareDayStore.m in Sources */ = {isa = PBXBuildFile; fileRef = AABB2F1C1800B0F600EEA446 /* ShareDayStore.m */; };
		AAE33B2B187E05BF0009CB25 /* icon_retina.png in Resources */ = {isa = PBXBuildFile; fileRef = AAE33B2A187E05BF0009CB25 /* icon_retina.png */; };
		AAE33B2E187E061F0009CB25 /* icon_old_retina.png in Resources */ = {isa = PBXBuildFile; fileRef = AAE33B2C187E061F0009CB25 /* icon_old_retina.png */; };
		AAE33B2F187E061F0009CB25 /* icon_nonretina.png in Resources */ = {isa = PBXBuildFile; fileRef = AAE33B2D187E061F0009CB25 /* icon_nonretina.png */; };
		AAF28C5017DAA90A0067FD79 /* UIKit.framework in Frameworks */ = {isa = PBXBuildFile; fileRef = AAF28C4F17DAA90A0067FD79 /* UIKit.framework */; };
		AAF28C5217DAA90A0067FD79 /* Foundation.framework in Frameworks */ = {isa = PBXBuildFile; fileRef = AAF28C5117DAA90A0067FD79 /* Foundation.framework */; };
		AAF28C5417DAA90A0067FD79 /* CoreGraphics.framework in Frameworks */ = {isa = PBXBuildFile; fileRef = AAF28C5317DAA90A0067FD79 /* CoreGraphics.framework */; };
		AAF28C5A17DAA90A0067FD79 /* InfoPlist.strings in Resources */ = {isa = PBXBuildFile; fileRef = AAF28C5817DAA90A0067FD79 /* InfoPlist.strings */; };
		AAF28C5C17DAA90A0067FD79 /* main.m in Sources */ = {isa = PBXBuildFile; fileRef = AAF28C5B17DAA90A0067FD79 /* main.m */; };
		AAF28C6017DAA90A0067FD79 /* AppDelegate.m in Sources */ = {isa = PBXBuildFile; fileRef = AAF28C5F17DAA90A0067FD79 /* AppDelegate.m */; };
		AAF28C6217DAA90A0067FD79 /* Default.png in Resources */ = {isa = PBXBuildFile; fileRef = AAF28C6117DAA90A0067FD79 /* Default.png */; };
		AAF28C6417DAA90A0067FD79 /* Default@2x.png in Resources */ = {isa = PBXBuildFile; fileRef = AAF28C6317DAA90A0067FD79 /* Default@2x.png */; };
		AAF28C6617DAA90A0067FD79 /* Default-568h@2x.png in Resources */ = {isa = PBXBuildFile; fileRef = AAF28C6517DAA90A0067FD79 /* Default-568h@2x.png */; };
		AAF46B43180C97A300FE79A9 /* LoginTypePickerViewController.m in Sources */ = {isa = PBXBuildFile; fileRef = AAF46B42180C97A300FE79A9 /* LoginTypePickerViewController.m */; };
		AAF63DDB189C11C60078A978 /* TTImage.m in Sources */ = {isa = PBXBuildFile; fileRef = AAF63DDA189C11C60078A978 /* TTImage.m */; };
/* End PBXBuildFile section */

/* Begin PBXFileReference section */
		AA083D9A183AD4E0005D5B24 /* TTDate.h */ = {isa = PBXFileReference; fileEncoding = 4; lastKnownFileType = sourcecode.c.h; path = TTDate.h; sourceTree = "<group>"; };
		AA083D9B183AD4E0005D5B24 /* TTDate.m */ = {isa = PBXFileReference; fileEncoding = 4; lastKnownFileType = sourcecode.c.objc; path = TTDate.m; sourceTree = "<group>"; };
		AA0910601801BDA100F9D8B8 /* UserStore.h */ = {isa = PBXFileReference; fileEncoding = 4; lastKnownFileType = sourcecode.c.h; path = UserStore.h; sourceTree = "<group>"; };
		AA0910611801BDA100F9D8B8 /* UserStore.m */ = {isa = PBXFileReference; fileEncoding = 4; lastKnownFileType = sourcecode.c.objc; path = UserStore.m; sourceTree = "<group>"; };
		AA09109C1801CB9300F9D8B8 /* ImageIO.framework */ = {isa = PBXFileReference; lastKnownFileType = wrapper.framework; name = ImageIO.framework; path = System/Library/Frameworks/ImageIO.framework; sourceTree = SDKROOT; };
		AA09109E1801CC2D00F9D8B8 /* placeholder.png */ = {isa = PBXFileReference; lastKnownFileType = image.png; path = placeholder.png; sourceTree = "<group>"; };
		AA0910A01801D2C700F9D8B8 /* PhotoPromptViewController.h */ = {isa = PBXFileReference; fileEncoding = 4; lastKnownFileType = sourcecode.c.h; path = PhotoPromptViewController.h; sourceTree = "<group>"; };
		AA0910A11801D2C700F9D8B8 /* PhotoPromptViewController.m */ = {isa = PBXFileReference; fileEncoding = 4; lastKnownFileType = sourcecode.c.objc; path = PhotoPromptViewController.m; sourceTree = "<group>"; };
		AA0910A51801EC2500F9D8B8 /* TTDataStore.m */ = {isa = PBXFileReference; fileEncoding = 4; lastKnownFileType = sourcecode.c.objc; path = TTDataStore.m; sourceTree = "<group>"; };
		AA0910A61801EC2500F9D8B8 /* TTDataStore.h */ = {isa = PBXFileReference; fileEncoding = 4; lastKnownFileType = sourcecode.c.h; path = TTDataStore.h; sourceTree = "<group>"; };
		AA0910A71801EC2500F9D8B8 /* ThingStore.m */ = {isa = PBXFileReference; fileEncoding = 4; lastKnownFileType = sourcecode.c.objc; path = ThingStore.m; sourceTree = "<group>"; };
		AA0910A81801EC2500F9D8B8 /* ThingStore.h */ = {isa = PBXFileReference; fileEncoding = 4; lastKnownFileType = sourcecode.c.h; path = ThingStore.h; sourceTree = "<group>"; };
		AA0910AF1801EDAF00F9D8B8 /* AVFoundation.framework */ = {isa = PBXFileReference; lastKnownFileType = wrapper.framework; name = AVFoundation.framework; path = System/Library/Frameworks/AVFoundation.framework; sourceTree = SDKROOT; };
		AA0910B11801EEFB00F9D8B8 /* AssetsLibrary.framework */ = {isa = PBXFileReference; lastKnownFileType = wrapper.framework; name = AssetsLibrary.framework; path = System/Library/Frameworks/AssetsLibrary.framework; sourceTree = SDKROOT; };
		AA1A9281185685CB0066F159 /* User.h */ = {isa = PBXFileReference; fileEncoding = 4; lastKnownFileType = sourcecode.c.h; path = User.h; sourceTree = "<group>"; };
		AA1A9282185685CB0066F159 /* User.m */ = {isa = PBXFileReference; fileEncoding = 4; lastKnownFileType = sourcecode.c.objc; path = User.m; sourceTree = "<group>"; };
		AA1E52DB182AE669000EBBBA /* Thing.h */ = {isa = PBXFileReference; fileEncoding = 4; lastKnownFileType = sourcecode.c.h; path = Thing.h; sourceTree = "<group>"; };
		AA1E52DC182AE669000EBBBA /* Thing.m */ = {isa = PBXFileReference; fileEncoding = 4; lastKnownFileType = sourcecode.c.objc; path = Thing.m; sourceTree = "<group>"; };
		AA230A001809BA620025BCF5 /* ErrorPromptViewController.m */ = {isa = PBXFileReference; fileEncoding = 4; lastKnownFileType = sourcecode.c.objc; path = ErrorPromptViewController.m; sourceTree = "<group>"; };
		AA230A011809BA620025BCF5 /* ErrorPromptViewController.h */ = {isa = PBXFileReference; fileEncoding = 4; lastKnownFileType = sourcecode.c.h; path = ErrorPromptViewController.h; sourceTree = "<group>"; };
		AA230A031809BB0D0025BCF5 /* ErrorThrowingViewController.h */ = {isa = PBXFileReference; fileEncoding = 4; lastKnownFileType = sourcecode.c.h; path = ErrorThrowingViewController.h; sourceTree = "<group>"; };
		AA230A041809BB0D0025BCF5 /* ErrorThrowingViewController.m */ = {isa = PBXFileReference; fileEncoding = 4; lastKnownFileType = sourcecode.c.objc; path = ErrorThrowingViewController.m; sourceTree = "<group>"; };
		AA2FFBD01833B26200B9865A /* FriendSearchViewController.h */ = {isa = PBXFileReference; fileEncoding = 4; lastKnownFileType = sourcecode.c.h; path = FriendSearchViewController.h; sourceTree = "<group>"; };
		AA2FFBD11833B26200B9865A /* FriendSearchViewController.m */ = {isa = PBXFileReference; fileEncoding = 4; lastKnownFileType = sourcecode.c.objc; path = FriendSearchViewController.m; sourceTree = "<group>"; };
		AA33AFD0183EC3490004DF3D /* ShareDay.h */ = {isa = PBXFileReference; fileEncoding = 4; lastKnownFileType = sourcecode.c.h; path = ShareDay.h; sourceTree = "<group>"; };
		AA33AFD1183EC3490004DF3D /* ShareDay.m */ = {isa = PBXFileReference; fileEncoding = 4; lastKnownFileType = sourcecode.c.objc; path = ShareDay.m; sourceTree = "<group>"; };
		AA42DB7118855D3200EA244C /* TTTableView.h */ = {isa = PBXFileReference; fileEncoding = 4; lastKnownFileType = sourcecode.c.h; name = TTTableView.h; path = 3Things/classes/TTTableView.h; sourceTree = SOURCE_ROOT; };
		AA42DB7218855D3200EA244C /* TTTableView.m */ = {isa = PBXFileReference; fileEncoding = 4; lastKnownFileType = sourcecode.c.objc; name = TTTableView.m; path = 3Things/classes/TTTableView.m; sourceTree = SOURCE_ROOT; };
		AA42DB7418855E9D00EA244C /* TTCollectionView.h */ = {isa = PBXFileReference; fileEncoding = 4; lastKnownFileType = sourcecode.c.h; path = TTCollectionView.h; sourceTree = "<group>"; };
		AA42DB7518855E9D00EA244C /* TTCollectionView.m */ = {isa = PBXFileReference; fileEncoding = 4; lastKnownFileType = sourcecode.c.objc; path = TTCollectionView.m; sourceTree = "<group>"; };
		AA4E13651803579B00D65980 /* BottomNavViewController.h */ = {isa = PBXFileReference; fileEncoding = 4; lastKnownFileType = sourcecode.c.h; path = BottomNavViewController.h; sourceTree = "<group>"; };
		AA4E13661803579B00D65980 /* BottomNavViewController.m */ = {isa = PBXFileReference; fileEncoding = 4; lastKnownFileType = sourcecode.c.objc; path = BottomNavViewController.m; sourceTree = "<group>"; };
		AA5D259D187CA153009A0FF5 /* 3T_Search Arrow.png */ = {isa = PBXFileReference; lastKnownFileType = image.png; path = "3T_Search Arrow.png"; sourceTree = "<group>"; };
		AA79308C183C043E006B4213 /* Compose_Icon.png */ = {isa = PBXFileReference; lastKnownFileType = image.png; name = Compose_Icon.png; path = assets/Compose_Icon.png; sourceTree = "<group>"; };
		AA79308D183C043E006B4213 /* Compose_Icon_depressed.png */ = {isa = PBXFileReference; lastKnownFileType = image.png; name = Compose_Icon_depressed.png; path = assets/Compose_Icon_depressed.png; sourceTree = "<group>"; };
		AA793090183C05E6006B4213 /* Three_Things_logo.png */ = {isa = PBXFileReference; lastKnownFileType = image.png; name = Three_Things_logo.png; path = assets/Three_Things_logo.png; sourceTree = "<group>"; };
		AA793091183C05E6006B4213 /* Friends_bottom_Menu.png */ = {isa = PBXFileReference; lastKnownFileType = image.png; name = Friends_bottom_Menu.png; path = assets/Friends_bottom_Menu.png; sourceTree = "<group>"; };
		AA793092183C05E6006B4213 /* Friends_bottom_Menu_depressed.png */ = {isa = PBXFileReference; lastKnownFileType = image.png; name = Friends_bottom_Menu_depressed.png; path = assets/Friends_bottom_Menu_depressed.png; sourceTree = "<group>"; };
		AA793093183C05E6006B4213 /* Flag_3.png */ = {isa = PBXFileReference; lastKnownFileType = image.png; name = Flag_3.png; path = assets/Flag_3.png; sourceTree = "<group>"; };
		AA793094183C05E6006B4213 /* Flag_2.png */ = {isa = PBXFileReference; lastKnownFileType = image.png; name = Flag_2.png; path = assets/Flag_2.png; sourceTree = "<group>"; };
		AA793095183C05E6006B4213 /* Flag_1.png */ = {isa = PBXFileReference; lastKnownFileType = image.png; name = Flag_1.png; path = assets/Flag_1.png; sourceTree = "<group>"; };
		AA793096183C05E6006B4213 /* Close.png */ = {isa = PBXFileReference; lastKnownFileType = image.png; name = Close.png; path = assets/Close.png; sourceTree = "<group>"; };
		AA793097183C05E6006B4213 /* Camera.png */ = {isa = PBXFileReference; lastKnownFileType = image.png; name = Camera.png; path = assets/Camera.png; sourceTree = "<group>"; };
		AA7930A0183C07B0006B4213 /* TTButton.h */ = {isa = PBXFileReference; fileEncoding = 4; lastKnownFileType = sourcecode.c.h; path = TTButton.h; sourceTree = "<group>"; };
		AA7930A1183C07B0006B4213 /* TTButton.m */ = {isa = PBXFileReference; fileEncoding = 4; lastKnownFileType = sourcecode.c.objc; path = TTButton.m; sourceTree = "<group>"; };
		AA7930A3183C55AC006B4213 /* TTView.h */ = {isa = PBXFileReference; fileEncoding = 4; lastKnownFileType = sourcecode.c.h; path = TTView.h; sourceTree = "<group>"; };
		AA7930A4183C55AC006B4213 /* TTView.m */ = {isa = PBXFileReference; fileEncoding = 4; lastKnownFileType = sourcecode.c.objc; path = TTView.m; sourceTree = "<group>"; };
		AA7C37A818988526004A283D /* FacebookSDK.framework */ = {isa = PBXFileReference; lastKnownFileType = wrapper.framework; path = FacebookSDK.framework; sourceTree = "<group>"; };
		AA7C37AA18988598004A283D /* Cal_Icon_depressed.png */ = {isa = PBXFileReference; lastKnownFileType = image.png; name = Cal_Icon_depressed.png; path = assets/Cal_Icon_depressed.png; sourceTree = "<group>"; };
		AA7C37AB18988598004A283D /* Cal_Icon.png */ = {isa = PBXFileReference; lastKnownFileType = image.png; name = Cal_Icon.png; path = assets/Cal_Icon.png; sourceTree = "<group>"; };
		AA7C37AC18988598004A283D /* Facebook_logo_white.png */ = {isa = PBXFileReference; lastKnownFileType = image.png; name = Facebook_logo_white.png; path = assets/Facebook_logo_white.png; sourceTree = "<group>"; };
		AA7E5501183188F500D7DE8C /* SingleDayViewController.h */ = {isa = PBXFileReference; fileEncoding = 4; lastKnownFileType = sourcecode.c.h; path = SingleDayViewController.h; sourceTree = "<group>"; };
		AA7E5502183188F500D7DE8C /* SingleDayViewController.m */ = {isa = PBXFileReference; fileEncoding = 4; lastKnownFileType = sourcecode.c.objc; path = SingleDayViewController.m; sourceTree = "<group>"; };
		AA98E1C2182851E80045F827 /* TTNetManager.h */ = {isa = PBXFileReference; fileEncoding = 4; lastKnownFileType = sourcecode.c.h; path = TTNetManager.h; sourceTree = "<group>"; };
		AA98E1C3182851E80045F827 /* TTNetManager.m */ = {isa = PBXFileReference; fileEncoding = 4; lastKnownFileType = sourcecode.c.objc; path = TTNetManager.m; sourceTree = "<group>"; };
		AA9A8533180331D00071FD38 /* ThingDetailViewController.h */ = {isa = PBXFileReference; fileEncoding = 4; lastKnownFileType = sourcecode.c.h; path = ThingDetailViewController.h; sourceTree = "<group>"; };
		AA9A8534180331D00071FD38 /* ThingDetailViewController.m */ = {isa = PBXFileReference; fileEncoding = 4; lastKnownFileType = sourcecode.c.objc; path = ThingDetailViewController.m; sourceTree = "<group>"; };
		AAB0A176183A997A006A8B29 /* BackgroundLayer.h */ = {isa = PBXFileReference; fileEncoding = 4; lastKnownFileType = sourcecode.c.h; path = BackgroundLayer.h; sourceTree = "<group>"; };
		AAB0A177183A997A006A8B29 /* BackgroundLayer.m */ = {isa = PBXFileReference; fileEncoding = 4; lastKnownFileType = sourcecode.c.objc; path = BackgroundLayer.m; sourceTree = "<group>"; };
		AAB0A179183A9BF4006A8B29 /* QuartzCore.framework */ = {isa = PBXFileReference; lastKnownFileType = wrapper.framework; name = QuartzCore.framework; path = System/Library/Frameworks/QuartzCore.framework; sourceTree = SDKROOT; };
		AABAA1EF18144437004547EE /* SDWebImage.framework */ = {isa = PBXFileReference; lastKnownFileType = wrapper.framework; path = SDWebImage.framework; sourceTree = "<group>"; };
		AABB2EAD18006FD600EEA446 /* FriendFeedViewController.h */ = {isa = PBXFileReference; fileEncoding = 4; lastKnownFileType = sourcecode.c.h; path = FriendFeedViewController.h; sourceTree = "<group>"; };
		AABB2EAE18006FD600EEA446 /* FriendFeedViewController.m */ = {isa = PBXFileReference; fileEncoding = 4; lastKnownFileType = sourcecode.c.objc; path = FriendFeedViewController.m; sourceTree = "<group>"; };
		AABB2EAF18006FD600EEA446 /* EditThingViewController.h */ = {isa = PBXFileReference; fileEncoding = 4; lastKnownFileType = sourcecode.c.h; path = EditThingViewController.h; sourceTree = "<group>"; };
		AABB2EB018006FD600EEA446 /* EditThingViewController.m */ = {isa = PBXFileReference; fileEncoding = 4; lastKnownFileType = sourcecode.c.objc; path = EditThingViewController.m; sourceTree = "<group>"; };
		AABB2EB318006FD600EEA446 /* My3ThingsViewController.h */ = {isa = PBXFileReference; fileEncoding = 4; lastKnownFileType = sourcecode.c.h; path = My3ThingsViewController.h; sourceTree = "<group>"; };
		AABB2EB418006FD600EEA446 /* My3ThingsViewController.m */ = {isa = PBXFileReference; fileEncoding = 4; lastKnownFileType = sourcecode.c.objc; path = My3ThingsViewController.m; sourceTree = "<group>"; };
		AABB2EB518006FD600EEA446 /* SignupCodeViewController.h */ = {isa = PBXFileReference; fileEncoding = 4; lastKnownFileType = sourcecode.c.h; path = SignupCodeViewController.h; sourceTree = "<group>"; };
		AABB2EB618006FD600EEA446 /* SignupCodeViewController.m */ = {isa = PBXFileReference; fileEncoding = 4; lastKnownFileType = sourcecode.c.objc; path = SignupCodeViewController.m; sourceTree = "<group>"; };
		AABB2EB718006FD600EEA446 /* SplashViewController.h */ = {isa = PBXFileReference; fileEncoding = 4; lastKnownFileType = sourcecode.c.h; path = SplashViewController.h; sourceTree = "<group>"; };
		AABB2EB818006FD600EEA446 /* SplashViewController.m */ = {isa = PBXFileReference; fileEncoding = 4; lastKnownFileType = sourcecode.c.objc; path = SplashViewController.m; sourceTree = "<group>"; };
		AABB2EBA18006FD600EEA446 /* TTShareDay.h */ = {isa = PBXFileReference; fileEncoding = 4; lastKnownFileType = sourcecode.c.h; path = TTShareDay.h; sourceTree = "<group>"; };
		AABB2EBB18006FD600EEA446 /* TTShareDay.m */ = {isa = PBXFileReference; fileEncoding = 4; lastKnownFileType = sourcecode.c.objc; path = TTShareDay.m; sourceTree = "<group>"; };
		AABB2EC918007A3500EEA446 /* UserHistoryViewController.h */ = {isa = PBXFileReference; fileEncoding = 4; lastKnownFileType = sourcecode.c.h; path = UserHistoryViewController.h; sourceTree = "<group>"; };
		AABB2ECA18007A3500EEA446 /* UserHistoryViewController.m */ = {isa = PBXFileReference; fileEncoding = 4; lastKnownFileType = sourcecode.c.objc; path = UserHistoryViewController.m; sourceTree = "<group>"; };
		AABB2F101800A43600EEA446 /* CoreData.framework */ = {isa = PBXFileReference; lastKnownFileType = wrapper.framework; name = CoreData.framework; path = System/Library/Frameworks/CoreData.framework; sourceTree = SDKROOT; };
		AABB2F131800ADA000EEA446 /* 3Things.xcdatamodel */ = {isa = PBXFileReference; lastKnownFileType = wrapper.xcdatamodel; path = 3Things.xcdatamodel; sourceTree = "<group>"; };
		AABB2F1B1800B0F600EEA446 /* ShareDayStore.h */ = {isa = PBXFileReference; fileEncoding = 4; lastKnownFileType = sourcecode.c.h; path = ShareDayStore.h; sourceTree = "<group>"; };
		AABB2F1C1800B0F600EEA446 /* ShareDayStore.m */ = {isa = PBXFileReference; fileEncoding = 4; lastKnownFileType = sourcecode.c.objc; path = ShareDayStore.m; sourceTree = "<group>"; };
		AAE33B2A187E05BF0009CB25 /* icon_retina.png */ = {isa = PBXFileReference; lastKnownFileType = image.png; name = icon_retina.png; path = assets/icon_retina.png; sourceTree = "<group>"; };
		AAE33B2C187E061F0009CB25 /* icon_old_retina.png */ = {isa = PBXFileReference; lastKnownFileType = image.png; name = icon_old_retina.png; path = assets/icon_old_retina.png; sourceTree = "<group>"; };
		AAE33B2D187E061F0009CB25 /* icon_nonretina.png */ = {isa = PBXFileReference; lastKnownFileType = image.png; name = icon_nonretina.png; path = assets/icon_nonretina.png; sourceTree = "<group>"; };
		AAF28C4C17DAA90A0067FD79 /* 3Things.app */ = {isa = PBXFileReference; explicitFileType = wrapper.application; includeInIndex = 0; path = 3Things.app; sourceTree = BUILT_PRODUCTS_DIR; };
		AAF28C4F17DAA90A0067FD79 /* UIKit.framework */ = {isa = PBXFileReference; lastKnownFileType = wrapper.framework; name = UIKit.framework; path = System/Library/Frameworks/UIKit.framework; sourceTree = SDKROOT; };
		AAF28C5117DAA90A0067FD79 /* Foundation.framework */ = {isa = PBXFileReference; lastKnownFileType = wrapper.framework; name = Foundation.framework; path = System/Library/Frameworks/Foundation.framework; sourceTree = SDKROOT; };
		AAF28C5317DAA90A0067FD79 /* CoreGraphics.framework */ = {isa = PBXFileReference; lastKnownFileType = wrapper.framework; name = CoreGraphics.framework; path = System/Library/Frameworks/CoreGraphics.framework; sourceTree = SDKROOT; };
		AAF28C5717DAA90A0067FD79 /* 3Things-Info.plist */ = {isa = PBXFileReference; lastKnownFileType = text.plist.xml; path = "3Things-Info.plist"; sourceTree = "<group>"; };
		AAF28C5917DAA90A0067FD79 /* en */ = {isa = PBXFileReference; lastKnownFileType = text.plist.strings; name = en; path = en.lproj/InfoPlist.strings; sourceTree = "<group>"; };
		AAF28C5B17DAA90A0067FD79 /* main.m */ = {isa = PBXFileReference; lastKnownFileType = sourcecode.c.objc; path = main.m; sourceTree = "<group>"; };
		AAF28C5D17DAA90A0067FD79 /* 3Things-Prefix.pch */ = {isa = PBXFileReference; lastKnownFileType = sourcecode.c.h; path = "3Things-Prefix.pch"; sourceTree = "<group>"; };
		AAF28C5E17DAA90A0067FD79 /* AppDelegate.h */ = {isa = PBXFileReference; lastKnownFileType = sourcecode.c.h; path = AppDelegate.h; sourceTree = "<group>"; };
		AAF28C5F17DAA90A0067FD79 /* AppDelegate.m */ = {isa = PBXFileReference; lastKnownFileType = sourcecode.c.objc; path = AppDelegate.m; sourceTree = "<group>"; };
		AAF28C6117DAA90A0067FD79 /* Default.png */ = {isa = PBXFileReference; lastKnownFileType = image.png; path = Default.png; sourceTree = "<group>"; };
		AAF28C6317DAA90A0067FD79 /* Default@2x.png */ = {isa = PBXFileReference; lastKnownFileType = image.png; path = "Default@2x.png"; sourceTree = "<group>"; };
		AAF28C6517DAA90A0067FD79 /* Default-568h@2x.png */ = {isa = PBXFileReference; lastKnownFileType = image.png; path = "Default-568h@2x.png"; sourceTree = "<group>"; };
		AAF46B41180C97A200FE79A9 /* LoginTypePickerViewController.h */ = {isa = PBXFileReference; fileEncoding = 4; lastKnownFileType = sourcecode.c.h; path = LoginTypePickerViewController.h; sourceTree = "<group>"; };
		AAF46B42180C97A300FE79A9 /* LoginTypePickerViewController.m */ = {isa = PBXFileReference; fileEncoding = 4; lastKnownFileType = sourcecode.c.objc; path = LoginTypePickerViewController.m; sourceTree = "<group>"; };
		AAF63DD9189C11C60078A978 /* TTImage.h */ = {isa = PBXFileReference; fileEncoding = 4; lastKnownFileType = sourcecode.c.h; path = TTImage.h; sourceTree = "<group>"; };
		AAF63DDA189C11C60078A978 /* TTImage.m */ = {isa = PBXFileReference; fileEncoding = 4; lastKnownFileType = sourcecode.c.objc; path = TTImage.m; sourceTree = "<group>"; };
/* End PBXFileReference section */

/* Begin PBXFrameworksBuildPhase section */
		AAF28C4917DAA90A0067FD79 /* Frameworks */ = {
			isa = PBXFrameworksBuildPhase;
			buildActionMask = 2147483647;
			files = (
				AA7C37A918988526004A283D /* FacebookSDK.framework in Frameworks */,
				AAB0A17A183A9BF4006A8B29 /* QuartzCore.framework in Frameworks */,
				AA0910B21801EEFB00F9D8B8 /* AssetsLibrary.framework in Frameworks */,
				AA09109D1801CB9300F9D8B8 /* ImageIO.framework in Frameworks */,
				AABB2F111800A43600EEA446 /* CoreData.framework in Frameworks */,
				AAF28C5017DAA90A0067FD79 /* UIKit.framework in Frameworks */,
				AABAA1F018144437004547EE /* SDWebImage.framework in Frameworks */,
				AAF28C5217DAA90A0067FD79 /* Foundation.framework in Frameworks */,
				AAF28C5417DAA90A0067FD79 /* CoreGraphics.framework in Frameworks */,
			);
			runOnlyForDeploymentPostprocessing = 0;
		};
/* End PBXFrameworksBuildPhase section */

/* Begin PBXGroup section */
		AA98E1C1182851AD0045F827 /* classes */ = {
			isa = PBXGroup;
			children = (
				AA98E1C3182851E80045F827 /* TTNetManager.m */,
				AA98E1C2182851E80045F827 /* TTNetManager.h */,
				AAB0A176183A997A006A8B29 /* BackgroundLayer.h */,
				AAB0A177183A997A006A8B29 /* BackgroundLayer.m */,
				AA083D9A183AD4E0005D5B24 /* TTDate.h */,
				AA083D9B183AD4E0005D5B24 /* TTDate.m */,
				AAF63DD9189C11C60078A978 /* TTImage.h */,
				AAF63DDA189C11C60078A978 /* TTImage.m */,
				AA7930A0183C07B0006B4213 /* TTButton.h */,
				AA7930A1183C07B0006B4213 /* TTButton.m */,
				AA7930A3183C55AC006B4213 /* TTView.h */,
				AA7930A4183C55AC006B4213 /* TTView.m */,
				AA42DB7118855D3200EA244C /* TTTableView.h */,
				AA42DB7218855D3200EA244C /* TTTableView.m */,
				AA42DB7418855E9D00EA244C /* TTCollectionView.h */,
				AA42DB7518855E9D00EA244C /* TTCollectionView.m */,
			);
			path = classes;
			sourceTree = "<group>";
		};
		AABB2EAC18006FD600EEA446 /* views */ = {
			isa = PBXGroup;
			children = (
				AA230A011809BA620025BCF5 /* ErrorPromptViewController.h */,
				AA230A001809BA620025BCF5 /* ErrorPromptViewController.m */,
				AABB2EAD18006FD600EEA446 /* FriendFeedViewController.h */,
				AABB2EAE18006FD600EEA446 /* FriendFeedViewController.m */,
				AABB2EC918007A3500EEA446 /* UserHistoryViewController.h */,
				AABB2ECA18007A3500EEA446 /* UserHistoryViewController.m */,
				AABB2EAF18006FD600EEA446 /* EditThingViewController.h */,
				AABB2EB018006FD600EEA446 /* EditThingViewController.m */,
				AA9A8533180331D00071FD38 /* ThingDetailViewController.h */,
				AA9A8534180331D00071FD38 /* ThingDetailViewController.m */,
				AA0910A01801D2C700F9D8B8 /* PhotoPromptViewController.h */,
				AA0910A11801D2C700F9D8B8 /* PhotoPromptViewController.m */,
				AA4E13651803579B00D65980 /* BottomNavViewController.h */,
				AA4E13661803579B00D65980 /* BottomNavViewController.m */,
				AABB2EB318006FD600EEA446 /* My3ThingsViewController.h */,
				AABB2EB418006FD600EEA446 /* My3ThingsViewController.m */,
				AA7E5501183188F500D7DE8C /* SingleDayViewController.h */,
				AA7E5502183188F500D7DE8C /* SingleDayViewController.m */,
				AA230A031809BB0D0025BCF5 /* ErrorThrowingViewController.h */,
				AA230A041809BB0D0025BCF5 /* ErrorThrowingViewController.m */,
				AABB2EB518006FD600EEA446 /* SignupCodeViewController.h */,
				AABB2EB618006FD600EEA446 /* SignupCodeViewController.m */,
				AABB2EB718006FD600EEA446 /* SplashViewController.h */,
				AABB2EB818006FD600EEA446 /* SplashViewController.m */,
				AAF46B41180C97A200FE79A9 /* LoginTypePickerViewController.h */,
				AAF46B42180C97A300FE79A9 /* LoginTypePickerViewController.m */,
				AA2FFBD01833B26200B9865A /* FriendSearchViewController.h */,
				AA2FFBD11833B26200B9865A /* FriendSearchViewController.m */,
			);
			path = views;
			sourceTree = "<group>";
		};
		AABB2EB918006FD600EEA446 /* objects */ = {
			isa = PBXGroup;
			children = (
				AA1E52DB182AE669000EBBBA /* Thing.h */,
				AA1E52DC182AE669000EBBBA /* Thing.m */,
				AA0910A51801EC2500F9D8B8 /* TTDataStore.m */,
				AA0910A61801EC2500F9D8B8 /* TTDataStore.h */,
				AA0910A71801EC2500F9D8B8 /* ThingStore.m */,
				AA0910A81801EC2500F9D8B8 /* ThingStore.h */,
				AABB2F1B1800B0F600EEA446 /* ShareDayStore.h */,
				AABB2F1C1800B0F600EEA446 /* ShareDayStore.m */,
				AA0910601801BDA100F9D8B8 /* UserStore.h */,
				AA0910611801BDA100F9D8B8 /* UserStore.m */,
				AABB2EBA18006FD600EEA446 /* TTShareDay.h */,
				AABB2EBB18006FD600EEA446 /* TTShareDay.m */,
				AA33AFD0183EC3490004DF3D /* ShareDay.h */,
				AA33AFD1183EC3490004DF3D /* ShareDay.m */,
				AA1A9281185685CB0066F159 /* User.h */,
				AA1A9282185685CB0066F159 /* User.m */,
			);
			path = objects;
			sourceTree = "<group>";
		};
		AAF28C4317DAA90A0067FD79 = {
			isa = PBXGroup;
			children = (
				AAF28C5517DAA90A0067FD79 /* 3Things */,
				AAF28C4E17DAA90A0067FD79 /* Frameworks */,
				AAF28C4D17DAA90A0067FD79 /* Products */,
			);
			sourceTree = "<group>";
		};
		AAF28C4D17DAA90A0067FD79 /* Products */ = {
			isa = PBXGroup;
			children = (
				AAF28C4C17DAA90A0067FD79 /* 3Things.app */,
			);
			name = Products;
			sourceTree = "<group>";
		};
		AAF28C4E17DAA90A0067FD79 /* Frameworks */ = {
			isa = PBXGroup;
			children = (
				AA7C37A818988526004A283D /* FacebookSDK.framework */,
				AAB0A179183A9BF4006A8B29 /* QuartzCore.framework */,
				AABAA1EF18144437004547EE /* SDWebImage.framework */,
				AA0910B11801EEFB00F9D8B8 /* AssetsLibrary.framework */,
				AA0910AF1801EDAF00F9D8B8 /* AVFoundation.framework */,
				AA09109C1801CB9300F9D8B8 /* ImageIO.framework */,
				AABB2F101800A43600EEA446 /* CoreData.framework */,
				AAF28C4F17DAA90A0067FD79 /* UIKit.framework */,
				AAF28C5117DAA90A0067FD79 /* Foundation.framework */,
				AAF28C5317DAA90A0067FD79 /* CoreGraphics.framework */,
			);
			name = Frameworks;
			sourceTree = "<group>";
		};
		AAF28C5517DAA90A0067FD79 /* 3Things */ = {
			isa = PBXGroup;
			children = (
				AAF28C5E17DAA90A0067FD79 /* AppDelegate.h */,
				AAF28C5F17DAA90A0067FD79 /* AppDelegate.m */,
				AABB2F121800ADA000EEA446 /* 3Things.xcdatamodeld */,
				AA98E1C1182851AD0045F827 /* classes */,
				AABB2EAC18006FD600EEA446 /* views */,
				AABB2EB918006FD600EEA446 /* objects */,
				AAF28C5617DAA90A0067FD79 /* Supporting Files */,
			);
			path = 3Things;
			sourceTree = "<group>";
		};
		AAF28C5617DAA90A0067FD79 /* Supporting Files */ = {
			isa = PBXGroup;
			children = (
				AA7C37AA18988598004A283D /* Cal_Icon_depressed.png */,
				AA7C37AB18988598004A283D /* Cal_Icon.png */,
				AA7C37AC18988598004A283D /* Facebook_logo_white.png */,
				AAE33B2C187E061F0009CB25 /* icon_old_retina.png */,
				AAE33B2D187E061F0009CB25 /* icon_nonretina.png */,
				AAE33B2A187E05BF0009CB25 /* icon_retina.png */,
				AA5D259D187CA153009A0FF5 /* 3T_Search Arrow.png */,
				AA793090183C05E6006B4213 /* Three_Things_logo.png */,
				AA793091183C05E6006B4213 /* Friends_bottom_Menu.png */,
				AA793092183C05E6006B4213 /* Friends_bottom_Menu_depressed.png */,
				AA793093183C05E6006B4213 /* Flag_3.png */,
				AA793094183C05E6006B4213 /* Flag_2.png */,
				AA793095183C05E6006B4213 /* Flag_1.png */,
				AA793096183C05E6006B4213 /* Close.png */,
				AA793097183C05E6006B4213 /* Camera.png */,
				AA79308C183C043E006B4213 /* Compose_Icon.png */,
				AA79308D183C043E006B4213 /* Compose_Icon_depressed.png */,
				AA09109E1801CC2D00F9D8B8 /* placeholder.png */,
				AAF28C5717DAA90A0067FD79 /* 3Things-Info.plist */,
				AAF28C5817DAA90A0067FD79 /* InfoPlist.strings */,
				AAF28C5B17DAA90A0067FD79 /* main.m */,
				AAF28C5D17DAA90A0067FD79 /* 3Things-Prefix.pch */,
				AAF28C6117DAA90A0067FD79 /* Default.png */,
				AAF28C6317DAA90A0067FD79 /* Default@2x.png */,
				AAF28C6517DAA90A0067FD79 /* Default-568h@2x.png */,
			);
			name = "Supporting Files";
			sourceTree = "<group>";
		};
/* End PBXGroup section */

/* Begin PBXNativeTarget section */
		AAF28C4B17DAA90A0067FD79 /* 3Things */ = {
			isa = PBXNativeTarget;
			buildConfigurationList = AAF28C6917DAA90A0067FD79 /* Build configuration list for PBXNativeTarget "3Things" */;
			buildPhases = (
				AAF28C4817DAA90A0067FD79 /* Sources */,
				AAF28C4917DAA90A0067FD79 /* Frameworks */,
				AAF28C4A17DAA90A0067FD79 /* Resources */,
			);
			buildRules = (
			);
			dependencies = (
			);
			name = 3Things;
			productName = 3Things;
			productReference = AAF28C4C17DAA90A0067FD79 /* 3Things.app */;
			productType = "com.apple.product-type.application";
		};
/* End PBXNativeTarget section */

/* Begin PBXProject section */
		AAF28C4417DAA90A0067FD79 /* Project object */ = {
			isa = PBXProject;
			attributes = {
				LastUpgradeCheck = 0460;
				ORGANIZATIONNAME = "Emmett Butler";
			};
			buildConfigurationList = AAF28C4717DAA90A0067FD79 /* Build configuration list for PBXProject "3Things" */;
			compatibilityVersion = "Xcode 3.2";
			developmentRegion = English;
			hasScannedForEncodings = 0;
			knownRegions = (
				en,
			);
			mainGroup = AAF28C4317DAA90A0067FD79;
			productRefGroup = AAF28C4D17DAA90A0067FD79 /* Products */;
			projectDirPath = "";
			projectRoot = "";
			targets = (
				AAF28C4B17DAA90A0067FD79 /* 3Things */,
			);
		};
/* End PBXProject section */

/* Begin PBXResourcesBuildPhase section */
		AAF28C4A17DAA90A0067FD79 /* Resources */ = {
			isa = PBXResourcesBuildPhase;
			buildActionMask = 2147483647;
			files = (
				AA5D259E187CA153009A0FF5 /* 3T_Search Arrow.png in Resources */,
				AAE33B2F187E061F0009CB25 /* icon_nonretina.png in Resources */,
				AA79309E183C05E6006B4213 /* Close.png in Resources */,
				AA79308F183C043E006B4213 /* Compose_Icon_depressed.png in Resources */,
				AA79309A183C05E6006B4213 /* Friends_bottom_Menu_depressed.png in Resources */,
				AAF28C5A17DAA90A0067FD79 /* InfoPlist.strings in Resources */,
				AA79308E183C043E006B4213 /* Compose_Icon.png in Resources */,
				AA7C37AE18988598004A283D /* Cal_Icon.png in Resources */,
				AAE33B2E187E061F0009CB25 /* icon_old_retina.png in Resources */,
				AAF28C6217DAA90A0067FD79 /* Default.png in Resources */,
				AA793098183C05E6006B4213 /* Three_Things_logo.png in Resources */,
				AA79309F183C05E6006B4213 /* Camera.png in Resources */,
				AA7C37AF18988598004A283D /* Facebook_logo_white.png in Resources */,
				AA793099183C05E6006B4213 /* Friends_bottom_Menu.png in Resources */,
				AAF28C6417DAA90A0067FD79 /* Default@2x.png in Resources */,
				AAE33B2B187E05BF0009CB25 /* icon_retina.png in Resources */,
				AA79309C183C05E6006B4213 /* Flag_2.png in Resources */,
				AA09109F1801CC2D00F9D8B8 /* placeholder.png in Resources */,
				AAF28C6617DAA90A0067FD79 /* Default-568h@2x.png in Resources */,
				AA79309D183C05E6006B4213 /* Flag_1.png in Resources */,
				AA79309B183C05E6006B4213 /* Flag_3.png in Resources */,
				AA7C37AD18988598004A283D /* Cal_Icon_depressed.png in Resources */,
			);
			runOnlyForDeploymentPostprocessing = 0;
		};
/* End PBXResourcesBuildPhase section */

/* Begin PBXSourcesBuildPhase section */
		AAF28C4817DAA90A0067FD79 /* Sources */ = {
			isa = PBXSourcesBuildPhase;
			buildActionMask = 2147483647;
			files = (
				AA9A8535180331D00071FD38 /* ThingDetailViewController.m in Sources */,
				AAB0A178183A997A006A8B29 /* BackgroundLayer.m in Sources */,
				AAF28C5C17DAA90A0067FD79 /* main.m in Sources */,
				AA4E13671803579B00D65980 /* BottomNavViewController.m in Sources */,
				AA0910AD1801EC2500F9D8B8 /* ThingStore.m in Sources */,
				AA083D9C183AD4E0005D5B24 /* TTDate.m in Sources */,
				AABB2ECB18007A3500EEA446 /* UserHistoryViewController.m in Sources */,
				AA230A021809BA620025BCF5 /* ErrorPromptViewController.m in Sources */,
				AA7930A5183C55AC006B4213 /* TTView.m in Sources */,
				AAF28C6017DAA90A0067FD79 /* AppDelegate.m in Sources */,
				AA42DB7318855D3200EA244C /* TTTableView.m in Sources */,
				AABB2EC018006FD600EEA446 /* FriendFeedViewController.m in Sources */,
				AA230A051809BB0D0025BCF5 /* ErrorThrowingViewController.m in Sources */,
				AA33AFD2183EC3490004DF3D /* ShareDay.m in Sources */,
				AA98E1C4182851E80045F827 /* TTNetManager.m in Sources */,
				AABB2EC518006FD600EEA446 /* SplashViewController.m in Sources */,
				AABB2F1D1800B0F600EEA446 /* ShareDayStore.m in Sources */,
				AABB2EC418006FD600EEA446 /* SignupCodeViewController.m in Sources */,
				AA0910621801BDA100F9D8B8 /* UserStore.m in Sources */,
				AA0910A21801D2C700F9D8B8 /* PhotoPromptViewController.m in Sources */,
				AABB2F141800ADA000EEA446 /* 3Things.xcdatamodeld in Sources */,
				AA1A9283185685CB0066F159 /* User.m in Sources */,
				AA7E5503183188F500D7DE8C /* SingleDayViewController.m in Sources */,
				AAF46B43180C97A300FE79A9 /* LoginTypePickerViewController.m in Sources */,
				AABB2EC118006FD600EEA446 /* EditThingViewController.m in Sources */,
				AA7930A2183C07B0006B4213 /* TTButton.m in Sources */,
				AABB2EC618006FD600EEA446 /* TTShareDay.m in Sources */,
				AA2FFBD21833B26200B9865A /* FriendSearchViewController.m in Sources */,
				AA42DB7618855E9D00EA244C /* TTCollectionView.m in Sources */,
				AA1E52DD182AE669000EBBBA /* Thing.m in Sources */,
				AA0910AC1801EC2500F9D8B8 /* TTDataStore.m in Sources */,
				AAF63DDB189C11C60078A978 /* TTImage.m in Sources */,
				AABB2EC318006FD600EEA446 /* My3ThingsViewController.m in Sources */,
			);
			runOnlyForDeploymentPostprocessing = 0;
		};
/* End PBXSourcesBuildPhase section */

/* Begin PBXVariantGroup section */
		AAF28C5817DAA90A0067FD79 /* InfoPlist.strings */ = {
			isa = PBXVariantGroup;
			children = (
				AAF28C5917DAA90A0067FD79 /* en */,
			);
			name = InfoPlist.strings;
			sourceTree = "<group>";
		};
/* End PBXVariantGroup section */

/* Begin XCBuildConfiguration section */
		AAF28C6717DAA90A0067FD79 /* Debug */ = {
			isa = XCBuildConfiguration;
			buildSettings = {
				ALWAYS_SEARCH_USER_PATHS = NO;
				CLANG_CXX_LANGUAGE_STANDARD = "gnu++0x";
				CLANG_CXX_LIBRARY = "libc++";
				CLANG_ENABLE_OBJC_ARC = YES;
				CLANG_WARN_CONSTANT_CONVERSION = YES;
				CLANG_WARN_EMPTY_BODY = YES;
				CLANG_WARN_ENUM_CONVERSION = YES;
				CLANG_WARN_INT_CONVERSION = YES;
				CLANG_WARN__DUPLICATE_METHOD_MATCH = YES;
				"CODE_SIGN_IDENTITY[sdk=iphoneos*]" = "iPhone Developer";
				COPY_PHASE_STRIP = NO;
				GCC_C_LANGUAGE_STANDARD = gnu99;
				GCC_DYNAMIC_NO_PIC = NO;
				GCC_OPTIMIZATION_LEVEL = 0;
				GCC_PREPROCESSOR_DEFINITIONS = (
					"DEBUG=1",
					"$(inherited)",
				);
				GCC_SYMBOLS_PRIVATE_EXTERN = NO;
				GCC_WARN_ABOUT_RETURN_TYPE = YES;
				GCC_WARN_UNINITIALIZED_AUTOS = YES;
				GCC_WARN_UNUSED_VARIABLE = YES;
				IPHONEOS_DEPLOYMENT_TARGET = 6.1;
				ONLY_ACTIVE_ARCH = YES;
				SDKROOT = iphoneos;
			};
			name = Debug;
		};
		AAF28C6817DAA90A0067FD79 /* Release */ = {
			isa = XCBuildConfiguration;
			buildSettings = {
				ALWAYS_SEARCH_USER_PATHS = NO;
				CLANG_CXX_LANGUAGE_STANDARD = "gnu++0x";
				CLANG_CXX_LIBRARY = "libc++";
				CLANG_ENABLE_OBJC_ARC = YES;
				CLANG_WARN_CONSTANT_CONVERSION = YES;
				CLANG_WARN_EMPTY_BODY = YES;
				CLANG_WARN_ENUM_CONVERSION = YES;
				CLANG_WARN_INT_CONVERSION = YES;
				CLANG_WARN__DUPLICATE_METHOD_MATCH = YES;
				"CODE_SIGN_IDENTITY[sdk=iphoneos*]" = "iPhone Developer";
				COPY_PHASE_STRIP = YES;
				GCC_C_LANGUAGE_STANDARD = gnu99;
				GCC_WARN_ABOUT_RETURN_TYPE = YES;
				GCC_WARN_UNINITIALIZED_AUTOS = YES;
				GCC_WARN_UNUSED_VARIABLE = YES;
				IPHONEOS_DEPLOYMENT_TARGET = 6.1;
				OTHER_CFLAGS = "-DNS_BLOCK_ASSERTIONS=1";
				SDKROOT = iphoneos;
				VALIDATE_PRODUCT = YES;
			};
			name = Release;
		};
		AAF28C6A17DAA90A0067FD79 /* Debug */ = {
			isa = XCBuildConfiguration;
			buildSettings = {
				FRAMEWORK_SEARCH_PATHS = (
					"$(inherited)",
					/Users/emmettbutler/Downloads,
					/Users/emmettbutler/Documents/Programming/iOS/3Things,
					/Users/emmettbutler/Documents/Programming/iOS/3Things/iOS,
					/Users/emmettbutler/git/3Things/iOS,
				);
				GCC_PRECOMPILE_PREFIX_HEADER = YES;
				GCC_PREFIX_HEADER = "3Things/3Things-Prefix.pch";
				INFOPLIST_FILE = "3Things/3Things-Info.plist";
				OTHER_LDFLAGS = "-ObjC";
				PRODUCT_NAME = "$(TARGET_NAME)";
				PROVISIONING_PROFILE = "5C5CDE3A-653B-4749-9D2B-3F781D25CAD4";
				WRAPPER_EXTENSION = app;
			};
			name = Debug;
		};
		AAF28C6B17DAA90A0067FD79 /* Release */ = {
			isa = XCBuildConfiguration;
			buildSettings = {
				FRAMEWORK_SEARCH_PATHS = (
					"$(inherited)",
					/Users/emmettbutler/Downloads,
					/Users/emmettbutler/Documents/Programming/iOS/3Things,
					/Users/emmettbutler/Documents/Programming/iOS/3Things/iOS,
					/Users/emmettbutler/git/3Things/iOS,
				);
				GCC_PRECOMPILE_PREFIX_HEADER = YES;
				GCC_PREFIX_HEADER = "3Things/3Things-Prefix.pch";
				INFOPLIST_FILE = "3Things/3Things-Info.plist";
				OTHER_LDFLAGS = "-ObjC";
				PRODUCT_NAME = "$(TARGET_NAME)";
				PROVISIONING_PROFILE = "5C5CDE3A-653B-4749-9D2B-3F781D25CAD4";
				WRAPPER_EXTENSION = app;
			};
			name = Release;
		};
/* End XCBuildConfiguration section */

/* Begin XCConfigurationList section */
		AAF28C4717DAA90A0067FD79 /* Build configuration list for PBXProject "3Things" */ = {
			isa = XCConfigurationList;
			buildConfigurations = (
				AAF28C6717DAA90A0067FD79 /* Debug */,
				AAF28C6817DAA90A0067FD79 /* Release */,
			);
			defaultConfigurationIsVisible = 0;
			defaultConfigurationName = Release;
		};
		AAF28C6917DAA90A0067FD79 /* Build configuration list for PBXNativeTarget "3Things" */ = {
			isa = XCConfigurationList;
			buildConfigurations = (
				AAF28C6A17DAA90A0067FD79 /* Debug */,
				AAF28C6B17DAA90A0067FD79 /* Release */,
			);
			defaultConfigurationIsVisible = 0;
			defaultConfigurationName = Release;
		};
/* End XCConfigurationList section */

/* Begin XCVersionGroup section */
		AABB2F121800ADA000EEA446 /* 3Things.xcdatamodeld */ = {
			isa = XCVersionGroup;
			children = (
				AABB2F131800ADA000EEA446 /* 3Things.xcdatamodel */,
			);
			currentVersion = AABB2F131800ADA000EEA446 /* 3Things.xcdatamodel */;
			path = 3Things.xcdatamodeld;
			sourceTree = "<group>";
			versionGroupType = wrapper.xcdatamodel;
		};
/* End XCVersionGroup section */
	};
	rootObject = AAF28C4417DAA90A0067FD79 /* Project object */;
}
